
Microsoft Visual Studio Solution File, Format Version 12.00
# Visual Studio 15
VisualStudioVersion = 15.0.28307.136
MinimumVisualStudioVersion = 10.0.40219.1
Project("{FAE04EC0-301F-11D3-BF4B-00C04F79EFBC}") = "Veritec.Dynamics.CI.Common", "Veritec.Dynamics.CI.Common\Veritec.Dynamics.CI.Common.csproj", "{F3ACF543-C80B-4064-AE74-F5C19DCC3BD1}"
EndProject
Project("{FAE04EC0-301F-11D3-BF4B-00C04F79EFBC}") = "Veritec.Dynamics.CI.PowerShell", "Veritec.Dynamics.CI.PowerShell\Veritec.Dynamics.CI.PowerShell.csproj", "{4EAFDDCC-0B12-46EE-88A7-4485710AEEA7}"
EndProject
Global
	GlobalSection(SolutionConfigurationPlatforms) = preSolution
		Debug|Any CPU = Debug|Any CPU
		Debug|x86 = Debug|x86
		Release|Any CPU = Release|Any CPU
		Release|x86 = Release|x86
	EndGlobalSection
	GlobalSection(ProjectConfigurationPlatforms) = postSolution
		{F3ACF543-C80B-4064-AE74-F5C19DCC3BD1}.Debug|Any CPU.ActiveCfg = Debug|Any CPU
		{F3ACF543-C80B-4064-AE74-F5C19DCC3BD1}.Debug|Any CPU.Build.0 = Debug|Any CPU
		{F3ACF543-C80B-4064-AE74-F5C19DCC3BD1}.Debug|x86.ActiveCfg = Debug|Any CPU
		{F3ACF543-C80B-4064-AE74-F5C19DCC3BD1}.Debug|x86.Build.0 = Debug|Any CPU
		{F3ACF543-C80B-4064-AE74-F5C19DCC3BD1}.Release|Any CPU.ActiveCfg = Release|Any CPU
		{F3ACF543-C80B-4064-AE74-F5C19DCC3BD1}.Release|Any CPU.Build.0 = Release|Any CPU
		{F3ACF543-C80B-4064-AE74-F5C19DCC3BD1}.Release|x86.ActiveCfg = Release|Any CPU
		{F3ACF543-C80B-4064-AE74-F5C19DCC3BD1}.Release|x86.Build.0 = Release|Any CPU
		{4EAFDDCC-0B12-46EE-88A7-4485710AEEA7}.Debug|Any CPU.ActiveCfg = Debug|Any CPU
		{4EAFDDCC-0B12-46EE-88A7-4485710AEEA7}.Debug|Any CPU.Build.0 = Debug|Any CPU
		{4EAFDDCC-0B12-46EE-88A7-4485710AEEA7}.Debug|x86.ActiveCfg = Debug|Any CPU
		{4EAFDDCC-0B12-46EE-88A7-4485710AEEA7}.Debug|x86.Build.0 = Debug|Any CPU
		{4EAFDDCC-0B12-46EE-88A7-4485710AEEA7}.Release|Any CPU.ActiveCfg = Release|Any CPU
		{4EAFDDCC-0B12-46EE-88A7-4485710AEEA7}.Release|Any CPU.Build.0 = Release|Any CPU
		{4EAFDDCC-0B12-46EE-88A7-4485710AEEA7}.Release|x86.ActiveCfg = Release|Any CPU
		{4EAFDDCC-0B12-46EE-88A7-4485710AEEA7}.Release|x86.Build.0 = Release|Any CPU
	EndGlobalSection
	GlobalSection(SolutionProperties) = preSolution
		HideSolutionNode = FALSE
	EndGlobalSection
	GlobalSection(ExtensibilityGlobals) = postSolution
		SolutionGuid = {36DF6E00-E107-4905-BD09-D3D922120280}
	EndGlobalSection
EndGlobal
